
Microsoft Visual Studio Solution File, Format Version 12.00
# Visual Studio Version 17
VisualStudioVersion = 17.14.36804.6 d17.14
MinimumVisualStudioVersion = 10.0.40219.1
Project("{FAE04EC0-301F-11D3-BF4B-00C04F79EFBC}") = "TelerikAndKendo", "TelerikAndKendo\TelerikAndKendo.csproj", "{FC5B56B2-0436-4E27-9558-E6BBCFEB5E71}"
EndProject
Global
	GlobalSection(SolutionConfigurationPlatforms) = preSolution
		Debug|Any CPU = Debug|Any CPU
		Release|Any CPU = Release|Any CPU
	EndGlobalSection
	GlobalSection(ProjectConfigurationPlatforms) = postSolution
		{FC5B56B2-0436-4E27-9558-E6BBCFEB5E71}.Debug|Any CPU.ActiveCfg = Debug|Any CPU
		{FC5B56B2-0436-4E27-9558-E6BBCFEB5E71}.Debug|Any CPU.Build.0 = Debug|Any CPU
		{FC5B56B2-0436-4E27-9558-E6BBCFEB5E71}.Release|Any CPU.ActiveCfg = Release|Any CPU
		{FC5B56B2-0436-4E27-9558-E6BBCFEB5E71}.Release|Any CPU.Build.0 = Release|Any CPU
	EndGlobalSection
	GlobalSection(SolutionProperties) = preSolution
		HideSolutionNode = FALSE
	EndGlobalSection
	GlobalSection(ExtensibilityGlobals) = postSolution
		SolutionGuid = {EBD7A912-DE45-4DCA-B8CA-D40E173F326D}
	EndGlobalSection
EndGlobal
